
Microsoft Visual Studio Solution File, Format Version 12.00
# Visual Studio Version 17
VisualStudioVersion = 17.9.34723.18
MinimumVisualStudioVersion = 10.0.40219.1
Project("{FAE04EC0-301F-11D3-BF4B-00C04F79EFBC}") = "GmailSample", "GmailSample\GmailSample.csproj", "{F8C24502-E830-43CD-8416-3E18A858AF5D}"
EndProject
Global
	GlobalSection(SolutionConfigurationPlatforms) = preSolution
		Debug|Any CPU = Debug|Any CPU
		Release|Any CPU = Release|Any CPU
	EndGlobalSection
	GlobalSection(ProjectConfigurationPlatforms) = postSolution
		{F8C24502-E830-43CD-8416-3E18A858AF5D}.Debug|Any CPU.ActiveCfg = Debug|Any CPU
		{F8C24502-E830-43CD-8416-3E18A858AF5D}.Debug|Any CPU.Build.0 = Debug|Any CPU
		{F8C24502-E830-43CD-8416-3E18A858AF5D}.Release|Any CPU.ActiveCfg = Release|Any CPU
		{F8C24502-E830-43CD-8416-3E18A858AF5D}.Release|Any CPU.Build.0 = Release|Any CPU
	EndGlobalSection
	GlobalSection(SolutionProperties) = preSolution
		HideSolutionNode = FALSE
	EndGlobalSection
	GlobalSection(ExtensibilityGlobals) = postSolution
		SolutionGuid = {50E8E959-4DEB-4667-8D49-C72189C63352}
	EndGlobalSection
EndGlobal
